<?xml version="1.0" encoding="utf-8"?>
<Project ToolsVersion="4.0" xmlns="http://schemas.microsoft.com/developer/msbuild/2003">
  <ItemGroup>
    <Filter Include="Source Files">
      <UniqueIdentifier>{3f7fa37a-eb17-4c29-bf2f-e28fb149d553}</UniqueIdentifier>
    </Filter>
    <Filter Include="Generated Files">
      <UniqueIdentifier>{69505e9e-e91e-4212-ba15-8a352817286f}</UniqueIdentifier>
      <SourceControlFiles>False</SourceControlFiles>
    </Filter>
  </ItemGroup>
  <ItemGroup>
    <None Include="BibliotekaPrimeps.def" />
  </ItemGroup>
  <ItemGroup>
    <ClCompile Include="BibliotekaPrime_i.c">
      <Filter>Generated Files</Filter>
    </ClCompile>
    <ClCompile Include="BibliotekaPrime_p.c">
      <Filter>Generated Files</Filter>
    </ClCompile>
    <ClCompile Include="dlldata.c">
      <Filter>Generated Files</Filter>
    </ClCompile>
  </ItemGroup>
</Project>