
Microsoft Visual Studio Solution File, Format Version 12.00
# Visual Studio 14
VisualStudioVersion = 14.0.24720.0
MinimumVisualStudioVersion = 10.0.40219.1
Project("{FAE04EC0-301F-11D3-BF4B-00C04F79EFBC}") = "Zadanie 3.1.1", "Zadanie 3.1.1\Zadanie 3.1.1.csproj", "{FDA479B4-B8EB-46C6-8248-01189C59734D}"
EndProject
Project("{FAE04EC0-301F-11D3-BF4B-00C04F79EFBC}") = "Zadanie 3.1.2", "Zadanie 3.1.2\Zadanie 3.1.2.csproj", "{675FC9D9-F7E4-4EB5-8DDC-A339ED6D07D6}"
EndProject
Project("{FAE04EC0-301F-11D3-BF4B-00C04F79EFBC}") = "Zadanie 3.1.3", "Zadanie 3.1.3\Zadanie 3.1.3.csproj", "{25998F4A-0DB4-47A7-A1B8-D8DC2EC077BC}"
EndProject
Project("{FAE04EC0-301F-11D3-BF4B-00C04F79EFBC}") = "Zadanie 3.1.4", "Zadanie 3.1.4\Zadanie 3.1.4.csproj", "{D81C0ED0-18A1-49CF-92FC-2857F8479E36}"
EndProject
Project("{FAE04EC0-301F-11D3-BF4B-00C04F79EFBC}") = "Zadanie 3.1.7", "Zadanie 3.1.7\Zadanie 3.1.7.csproj", "{3EAD13A6-5039-418A-B92B-FF94D924992F}"
EndProject
Project("{FAE04EC0-301F-11D3-BF4B-00C04F79EFBC}") = "Zadanie 3.1.5", "Zadanie 3.1.5\Zadanie 3.1.5.csproj", "{6B8E68E4-0C44-44B2-9DBB-B6663031CF4D}"
EndProject
Project("{FAE04EC0-301F-11D3-BF4B-00C04F79EFBC}") = "Zadanie 3.1.8", "Zadanie 3.1.8\Zadanie 3.1.8.csproj", "{BDBCC56A-2737-428E-8A1C-1EFCE69DBEA3}"
EndProject
Project("{FAE04EC0-301F-11D3-BF4B-00C04F79EFBC}") = "Zadanie 3.1.10", "Zadanie 3.1.10\Zadanie 3.1.10.csproj", "{BD3524C6-8F0A-4E62-8A0B-9D4BAC3CD80F}"
EndProject
Project("{FAE04EC0-301F-11D3-BF4B-00C04F79EFBC}") = "Zadanie 3.1.6 - klient", "Zadanie 3.1.6 - klient\Zadanie 3.1.6 - klient.csproj", "{8265D21F-FB2B-46FC-A8E5-D5A6B1301F51}"
EndProject
Project("{FAE04EC0-301F-11D3-BF4B-00C04F79EFBC}") = "Zadanie 3.1.6 - Serwer", "Zadanie 3.1.6 - Serwer\Zadanie 3.1.6 - Serwer.csproj", "{2F7F7278-E71A-4DB0-B26A-BE8AB6E8C686}"
EndProject
Project("{FAE04EC0-301F-11D3-BF4B-00C04F79EFBC}") = "Zadanie 3.1.6 - dll", "Zadanie 3.1.6 - dll\Zadanie 3.1.6 - dll.csproj", "{1EC34C15-2EEF-4573-A1B5-6AB68C335FDF}"
EndProject
Project("{FAE04EC0-301F-11D3-BF4B-00C04F79EFBC}") = "Zadanie 3.1.11", "Zadanie 3.1.11\Zadanie 3.1.11.csproj", "{9335481C-631F-4C68-B601-6A762BD0A860}"
EndProject
Project("{FAE04EC0-301F-11D3-BF4B-00C04F79EFBC}") = "Zadanie 3.1.9", "Zadanie 3.1.9\Zadanie 3.1.9.csproj", "{916501DD-F048-421A-8B3E-6147154ADF33}"
EndProject
Global
	GlobalSection(SolutionConfigurationPlatforms) = preSolution
		Debug|Any CPU = Debug|Any CPU
		Release|Any CPU = Release|Any CPU
	EndGlobalSection
	GlobalSection(ProjectConfigurationPlatforms) = postSolution
		{FDA479B4-B8EB-46C6-8248-01189C59734D}.Debug|Any CPU.ActiveCfg = Debug|Any CPU
		{FDA479B4-B8EB-46C6-8248-01189C59734D}.Debug|Any CPU.Build.0 = Debug|Any CPU
		{FDA479B4-B8EB-46C6-8248-01189C59734D}.Release|Any CPU.ActiveCfg = Release|Any CPU
		{FDA479B4-B8EB-46C6-8248-01189C59734D}.Release|Any CPU.Build.0 = Release|Any CPU
		{675FC9D9-F7E4-4EB5-8DDC-A339ED6D07D6}.Debug|Any CPU.ActiveCfg = Debug|Any CPU
		{675FC9D9-F7E4-4EB5-8DDC-A339ED6D07D6}.Debug|Any CPU.Build.0 = Debug|Any CPU
		{675FC9D9-F7E4-4EB5-8DDC-A339ED6D07D6}.Release|Any CPU.ActiveCfg = Release|Any CPU
		{675FC9D9-F7E4-4EB5-8DDC-A339ED6D07D6}.Release|Any CPU.Build.0 = Release|Any CPU
		{25998F4A-0DB4-47A7-A1B8-D8DC2EC077BC}.Debug|Any CPU.ActiveCfg = Debug|Any CPU
		{25998F4A-0DB4-47A7-A1B8-D8DC2EC077BC}.Debug|Any CPU.Build.0 = Debug|Any CPU
		{25998F4A-0DB4-47A7-A1B8-D8DC2EC077BC}.Release|Any CPU.ActiveCfg = Release|Any CPU
		{25998F4A-0DB4-47A7-A1B8-D8DC2EC077BC}.Release|Any CPU.Build.0 = Release|Any CPU
		{D81C0ED0-18A1-49CF-92FC-2857F8479E36}.Debug|Any CPU.ActiveCfg = Debug|Any CPU
		{D81C0ED0-18A1-49CF-92FC-2857F8479E36}.Debug|Any CPU.Build.0 = Debug|Any CPU
		{D81C0ED0-18A1-49CF-92FC-2857F8479E36}.Release|Any CPU.ActiveCfg = Release|Any CPU
		{D81C0ED0-18A1-49CF-92FC-2857F8479E36}.Release|Any CPU.Build.0 = Release|Any CPU
		{3EAD13A6-5039-418A-B92B-FF94D924992F}.Debug|Any CPU.ActiveCfg = Debug|Any CPU
		{3EAD13A6-5039-418A-B92B-FF94D924992F}.Debug|Any CPU.Build.0 = Debug|Any CPU
		{3EAD13A6-5039-418A-B92B-FF94D924992F}.Release|Any CPU.ActiveCfg = Release|Any CPU
		{3EAD13A6-5039-418A-B92B-FF94D924992F}.Release|Any CPU.Build.0 = Release|Any CPU
		{6B8E68E4-0C44-44B2-9DBB-B6663031CF4D}.Debug|Any CPU.ActiveCfg = Debug|Any CPU
		{6B8E68E4-0C44-44B2-9DBB-B6663031CF4D}.Debug|Any CPU.Build.0 = Debug|Any CPU
		{6B8E68E4-0C44-44B2-9DBB-B6663031CF4D}.Release|Any CPU.ActiveCfg = Release|Any CPU
		{6B8E68E4-0C44-44B2-9DBB-B6663031CF4D}.Release|Any CPU.Build.0 = Release|Any CPU
		{BDBCC56A-2737-428E-8A1C-1EFCE69DBEA3}.Debug|Any CPU.ActiveCfg = Debug|Any CPU
		{BDBCC56A-2737-428E-8A1C-1EFCE69DBEA3}.Debug|Any CPU.Build.0 = Debug|Any CPU
		{BDBCC56A-2737-428E-8A1C-1EFCE69DBEA3}.Release|Any CPU.ActiveCfg = Release|Any CPU
		{BDBCC56A-2737-428E-8A1C-1EFCE69DBEA3}.Release|Any CPU.Build.0 = Release|Any CPU
		{BD3524C6-8F0A-4E62-8A0B-9D4BAC3CD80F}.Debug|Any CPU.ActiveCfg = Debug|Any CPU
		{BD3524C6-8F0A-4E62-8A0B-9D4BAC3CD80F}.Debug|Any CPU.Build.0 = Debug|Any CPU
		{BD3524C6-8F0A-4E62-8A0B-9D4BAC3CD80F}.Release|Any CPU.ActiveCfg = Release|Any CPU
		{BD3524C6-8F0A-4E62-8A0B-9D4BAC3CD80F}.Release|Any CPU.Build.0 = Release|Any CPU
		{8265D21F-FB2B-46FC-A8E5-D5A6B1301F51}.Debug|Any CPU.ActiveCfg = Debug|Any CPU
		{8265D21F-FB2B-46FC-A8E5-D5A6B1301F51}.Debug|Any CPU.Build.0 = Debug|Any CPU
		{8265D21F-FB2B-46FC-A8E5-D5A6B1301F51}.Release|Any CPU.ActiveCfg = Release|Any CPU
		{8265D21F-FB2B-46FC-A8E5-D5A6B1301F51}.Release|Any CPU.Build.0 = Release|Any CPU
		{2F7F7278-E71A-4DB0-B26A-BE8AB6E8C686}.Debug|Any CPU.ActiveCfg = Debug|Any CPU
		{2F7F7278-E71A-4DB0-B26A-BE8AB6E8C686}.Debug|Any CPU.Build.0 = Debug|Any CPU
		{2F7F7278-E71A-4DB0-B26A-BE8AB6E8C686}.Release|Any CPU.ActiveCfg = Release|Any CPU
		{2F7F7278-E71A-4DB0-B26A-BE8AB6E8C686}.Release|Any CPU.Build.0 = Release|Any CPU
		{1EC34C15-2EEF-4573-A1B5-6AB68C335FDF}.Debug|Any CPU.ActiveCfg = Debug|Any CPU
		{1EC34C15-2EEF-4573-A1B5-6AB68C335FDF}.Debug|Any CPU.Build.0 = Debug|Any CPU
		{1EC34C15-2EEF-4573-A1B5-6AB68C335FDF}.Release|Any CPU.ActiveCfg = Release|Any CPU
		{1EC34C15-2EEF-4573-A1B5-6AB68C335FDF}.Release|Any CPU.Build.0 = Release|Any CPU
		{9335481C-631F-4C68-B601-6A762BD0A860}.Debug|Any CPU.ActiveCfg = Debug|Any CPU
		{9335481C-631F-4C68-B601-6A762BD0A860}.Debug|Any CPU.Build.0 = Debug|Any CPU
		{9335481C-631F-4C68-B601-6A762BD0A860}.Release|Any CPU.ActiveCfg = Release|Any CPU
		{9335481C-631F-4C68-B601-6A762BD0A860}.Release|Any CPU.Build.0 = Release|Any CPU
		{916501DD-F048-421A-8B3E-6147154ADF33}.Debug|Any CPU.ActiveCfg = Debug|Any CPU
		{916501DD-F048-421A-8B3E-6147154ADF33}.Debug|Any CPU.Build.0 = Debug|Any CPU
		{916501DD-F048-421A-8B3E-6147154ADF33}.Release|Any CPU.ActiveCfg = Release|Any CPU
		{916501DD-F048-421A-8B3E-6147154ADF33}.Release|Any CPU.Build.0 = Release|Any CPU
	EndGlobalSection
	GlobalSection(SolutionProperties) = preSolution
		HideSolutionNode = FALSE
	EndGlobalSection
EndGlobal
